{
  "name": "Event-Ticketing-System",
  "lockfileVersion": 3,
  "requires": true,
  "packages": {
    "": {
      "dependencies": {
        "opencode-ai": "^1.17.20"
      }
    },
    "node_modules/opencode-ai": {
      "version": "1.17.20",
      "resolved": "https://registry.npmjs.org/opencode-ai/-/opencode-ai-1.17.20.tgz",
      "integrity": "sha512-AO6AUXv0BD8AVi07Z30yVljo1+jLYmLOsAndKC2LUwmHpu7UpMp2cfQE1F4aJdBNVILCzP5YxyJG1Y8SXkMZ/g==",
      "cpu": [
        "arm64",
        "x64"
      ],
      "hasInstallScript": true,
      "license": "MIT",
      "os": [
        "darwin",
        "linux",
        "win32"
      ],
      "bin": {
        "opencode": "bin/opencode.exe"
      },
      "optionalDependencies": {
        "opencode-darwin-arm64": "1.17.20",
        "opencode-darwin-x64": "1.17.20",
        "opencode-darwin-x64-baseline": "1.17.20",
        "opencode-linux-arm64": "1.17.20",
        "opencode-linux-arm64-musl": "1.17.20",
        "opencode-linux-x64": "1.17.20",
        "opencode-linux-x64-baseline": "1.17.20",
        "opencode-linux-x64-baseline-musl": "1.17.20",
        "opencode-linux-x64-musl": "1.17.20",
        "opencode-windows-arm64": "1.17.20",
        "opencode-windows-x64": "1.17.20",
        "opencode-windows-x64-baseline": "1.17.20"
      }
    },
    "node_modules/opencode-darwin-arm64": {
      "version": "1.17.20",
      "resolved": "https://registry.npmjs.org/opencode-darwin-arm64/-/opencode-darwin-arm64-1.17.20.tgz",
      "integrity": "sha512-E1gTIkXA8hmTjAqUTjE4ZRZC/pup6byHvgLJBx1pl69yCQnmcT9CHQ6d+Vv+fvrI0MtdvGpVcOZAwHJgtN0Pcw==",
      "cpu": [
        "arm64"
      ],
      "optional": true,
      "os": [
        "darwin"
      ]
    },
    "node_modules/opencode-darwin-x64": {
      "version": "1.17.20",
      "resolved": "https://registry.npmjs.org/opencode-darwin-x64/-/opencode-darwin-x64-1.17.20.tgz",
      "integrity": "sha512-5gmEdEJkYlV/V3FPjhZqql/6RdJyk1y8rYHsFSiMOD8/bma23l3TQqDH4qAxBg13+JEodsCWDZoSOGi7lhjU8g==",
      "cpu": [
        "x64"
      ],
      "optional": true,
      "os": [
        "darwin"
      ]
    },
    "node_modules/opencode-darwin-x64-baseline": {
      "version": "1.17.20",
      "resolved": "https://registry.npmjs.org/opencode-darwin-x64-baseline/-/opencode-darwin-x64-baseline-1.17.20.tgz",
      "integrity": "sha512-00BjaUl7KYS7yt8jiQumdFes6EK8/YhIykfZk7hBask0zS2y/aIXx2rs/mnFXZMmW3HVYqQ8M24JchLKArl9CA==",
      "cpu": [
        "x64"
      ],
      "optional": true,
      "os": [
        "darwin"
      ]
    },
    "node_modules/opencode-linux-arm64": {
      "version": "1.17.20",
      "resolved": "https://registry.npmjs.org/opencode-linux-arm64/-/opencode-linux-arm64-1.17.20.tgz",
      "integrity": "sha512-LtIksrnRMZ52c//5o34pItWcrPsmRLMrcRDEIm/MiRmqd3sfroqsC0ggAkcuDJwB+5p/QPEq5VSn54bhCYCwfA==",
      "cpu": [
        "arm64"
      ],
      "optional": true,
      "os": [
        "linux"
      ]
    },
    "node_modules/opencode-linux-arm64-musl": {
      "version": "1.17.20",
      "resolved": "https://registry.npmjs.org/opencode-linux-arm64-musl/-/opencode-linux-arm64-musl-1.17.20.tgz",
      "integrity": "sha512-AyzWUIc/2lvLZ7qPPMS0f2uNjzVhcZs/NoGlQdDVmwM9tDaDuk7UiKECdmJRRPV+a8tDYsLDLlwIaKcIKVKzvg==",
      "cpu": [
        "arm64"
      ],
      "libc": [
        "musl"
      ],
      "optional": true,
      "os": [
        "linux"
      ]
    },
    "node_modules/opencode-linux-x64": {
      "version": "1.17.20",
      "resolved": "https://registry.npmjs.org/opencode-linux-x64/-/opencode-linux-x64-1.17.20.tgz",
      "integrity": "sha512-q0Qyo6ht2KnR5NdIbDXH1neFf3eNXL5ONhgag7OHnZPrS0VYVOWtsB5/jV1v+cFP4hiNsOSDIg45a42huvQlKw==",
      "cpu": [
        "x64"
      ],
      "optional": true,
      "os": [
        "linux"
      ]
    },
    "node_modules/opencode-linux-x64-baseline": {
      "version": "1.17.20",
      "resolved": "https://registry.npmjs.org/opencode-linux-x64-baseline/-/opencode-linux-x64-baseline-1.17.20.tgz",
      "integrity": "sha512-F6vmYHs//Tqamrrg+3LXJ3TQy36Go4p9pUXYNXViQNjCBE2IxdlBunNCuWILZIKu+ItGNBJWZOqD6r8vvljFqA==",
      "cpu": [
        "x64"
      ],
      "optional": true,
      "os": [
        "linux"
      ]
    },
    "node_modules/opencode-linux-x64-baseline-musl": {
      "version": "1.17.20",
      "resolved": "https://registry.npmjs.org/opencode-linux-x64-baseline-musl/-/opencode-linux-x64-baseline-musl-1.17.20.tgz",
      "integrity": "sha512-0oaQ9MabjDOH/FvBx44ZPuF5Ag5qGX9PxhtRf1K2dWTfyYHCe3QMfLBHI1NVBBwXPz3wdO0TLDhbvznYuA5gNw==",
      "cpu": [
        "x64"
      ],
      "libc": [
        "musl"
      ],
      "optional": true,
      "os": [
        "linux"
      ]
    },
    "node_modules/opencode-linux-x64-musl": {
      "version": "1.17.20",
      "resolved": "https://registry.npmjs.org/opencode-linux-x64-musl/-/opencode-linux-x64-musl-1.17.20.tgz",
      "integrity": "sha512-QQpvULY30qgtkXOVNbvVrhWAvG5G9ib54I3nN/Q7AkWhT1tdCVjpv3k5WMJ8ge5M3JUIXvr7+nJtTDFf6GoVZw==",
      "cpu": [
        "x64"
      ],
      "libc": [
        "musl"
      ],
      "optional": true,
      "os": [
        "linux"
      ]
    },
    "node_modules/opencode-windows-arm64": {
      "version": "1.17.20",
      "resolved": "https://registry.npmjs.org/opencode-windows-arm64/-/opencode-windows-arm64-1.17.20.tgz",
      "integrity": "sha512-sSBI+h1g3VBC73irJDK9/cUeRe2kaalzOu/tbZRz5otKaEJJDl+TbOlGLlZCYbdoPSqgCcYNP0cyvJ/e/8HZ/g==",
      "cpu": [
        "arm64"
      ],
      "optional": true,
      "os": [
        "win32"
      ]
    },
    "node_modules/opencode-windows-x64": {
      "version": "1.17.20",
      "resolved": "https://registry.npmjs.org/opencode-windows-x64/-/opencode-windows-x64-1.17.20.tgz",
      "integrity": "sha512-y1KLFG0O6zt6Z700YPTOplCx3Tesxl8Geb8q6y2IPqnF8iNAZ9Gl9rB6Y/XNuEi5w1qpcXj8og0YZ8GIidDsyg==",
      "cpu": [
        "x64"
      ],
      "optional": true,
      "os": [
        "win32"
      ]
    },
    "node_modules/opencode-windows-x64-baseline": {
      "version": "1.17.20",
      "resolved": "https://registry.npmjs.org/opencode-windows-x64-baseline/-/opencode-windows-x64-baseline-1.17.20.tgz",
      "integrity": "sha512-GeEhPLQW+2Va7Zx3CtUwemS/rc9J7ldwm/xdD6pYlG5lkH0c+1yurP5ymV7nt9egIMup7yqnDK5VrVxaa33gVQ==",
      "cpu": [
        "x64"
      ],
      "optional": true,
      "os": [
        "win32"
      ]
    }
  }
}
